<?xml version="1.0" encoding="UTF-8" standalone="yes" ?>
<CodeBlocks_project_file>
	<FileVersion major="1" minor="6" />
	<Project>
		<Option title="UNIXFileSystem" />
		<Option pch_mode="2" />
		<Option compiler="gcc" />
		<Build>
			<Target title="Debug">
				<Option output="bin/Debug/UNIXFileSystem" prefix_auto="1" extension_auto="1" />
				<Option object_output="obj/Debug/" />
				<Option type="1" />
				<Option compiler="gcc" />
				<Compiler>
					<Add option="-g" />
				</Compiler>
			</Target>
			<Target title="Release">
				<Option output="bin/Release/UNIXFileSystem" prefix_auto="1" extension_auto="1" />
				<Option object_output="obj/Release/" />
				<Option type="1" />
				<Option compiler="gcc" />
				<Compiler>
					<Add option="-O2" />
				</Compiler>
				<Linker>
					<Add option="-s" />
				</Linker>
			</Target>
		</Build>
		<Compiler>
			<Add option="-Wall" />
		</Compiler>
		<Unit filename="Builder.c">
			<Option compilerVar="CC" />
		</Unit>
		<Unit filename="Builder.h" />
		<Unit filename="Directory.c">
			<Option compilerVar="CC" />
		</Unit>
		<Unit filename="Directory.h" />
		<Unit filename="FileTable.c">
			<Option compilerVar="CC" />
		</Unit>
		<Unit filename="FileTable.h" />
		<Unit filename="LibDisk.c">
			<Option compilerVar="CC" />
		</Unit>
		<Unit filename="LibDisk.h" />
		<Unit filename="LibFS.c">
			<Option compilerVar="CC" />
		</Unit>
		<Unit filename="LibFS.h" />
		<Unit filename="Make.LibDisk" />
		<Unit filename="Make.main" />
		<Unit filename="Map.c">
			<Option compilerVar="CC" />
		</Unit>
		<Unit filename="Map.h" />
		<Unit filename="Params.c">
			<Option compilerVar="CC" />
		</Unit>
		<Unit filename="Params.h" />
		<Unit filename="main.c">
			<Option compilerVar="CC" />
		</Unit>
		<Extensions>
			<code_completion />
			<<<<<<< HEAD
=======
			<envvars />
			<lib_finder disable_auto="1" />
			&#x0A;&#x09;&#x09;&#x09;&#x0A;&#x09;&#x09;&#x09;&#x0A;&gt;&gt;&gt;&gt;&gt;&gt;&gt; 2e8003de90d60f9248797b6c2350748178647be5&#x0A;&#x09;&#x09;&#x09;&#x0A;&#x09;&#x09;&#x09;&#x0A;&#x09;&#x09;&#x09;
			<debugger />
		</Extensions>
	</Project>
</CodeBlocks_project_file>
